Microsoft Visual Studio Solution File, Format Version 12.00
# Visual Studio Version 16
VisualStudioVersion = 16.0.30319.14
MinimumVisualStudioVersion = 10.0.40219.1
Project("{BC8A1FFA-BEE3-4634-8014-F334798102B3}") = "steam-guard", "steam-guard.vcxproj", "{A143543D-F2AB-441B-BB5F-8A50718840E5}"
EndProject
Global
	GlobalSection(SolutionConfigurationPlatforms) = preSolution
		Debug|x64 = Debug|x64
		Debug|x86 = Debug|x86
		Release|x64 = Release|x64
		Release|x86 = Release|x86
	EndGlobalSection
	GlobalSection(ProjectConfigurationPlatforms) = postSolution
		{A143543D-F2AB-441B-BB5F-8A50718840E5}.Debug|x64.ActiveCfg = Debug|x64
		{A143543D-F2AB-441B-BB5F-8A50718840E5}.Debug|x64.Build.0 = Debug|x64
		{A143543D-F2AB-441B-BB5F-8A50718840E5}.Debug|x86.ActiveCfg = Debug|Win32
		{A143543D-F2AB-441B-BB5F-8A50718840E5}.Debug|x86.Build.0 = Debug|Win32
		{A143543D-F2AB-441B-BB5F-8A50718840E5}.Release|x64.ActiveCfg = Release|x64
		{A143543D-F2AB-441B-BB5F-8A50718840E5}.Release|x64.Build.0 = Release|x64
		{A143543D-F2AB-441B-BB5F-8A50718840E5}.Release|x86.ActiveCfg = Release|Win32
		{A143543D-F2AB-441B-BB5F-8A50718840E5}.Release|x86.Build.0 = Release|Win32
	EndGlobalSection
	GlobalSection(SolutionProperties) = preSolution
		HideSolutionNode = FALSE
	EndGlobalSection
	GlobalSection(ExtensibilityGlobals) = postSolution
		SolutionGuid = {29E8D7DA-EA06-4A99-8FD3-8AA5A898B34C}
	EndGlobalSection
EndGlobal
